{
  "requires": true,
  "lockfileVersion": 1,
  "dependencies": {
    "@angular/common": {
      "version": "11.2.1",
      "resolved": "https://registry.npmjs.org/@angular/common/-/common-11.2.1.tgz",
      "integrity": "sha512-6FuZvJkYq8ZD4Bi6n7zaok1BMe5ve3EZDXLM7cDl2Hktpc+z0/mIZtVYMR0zvf7VX48E4zUU039779ixy0zDMw==",
      "requires": {
        "tslib": "^2.0.0"
      }
    },
    "tslib": {
      "version": "2.5.0",
      "resolved": "https://registry.npmjs.org/tslib/-/tslib-2.5.0.tgz",
      "integrity": "sha512-336iVw3rtn2BUK7ORdIAHTyxHGRIHVReokCR3XjbckJMK7ms8FysBfhLR8IXnAgy7T0PTPNBWKiH514FOW/WSg=="
    }
  }
}
